
Microsoft Visual Studio Solution File, Format Version 12.00
# Visual Studio Version 16
VisualStudioVersion = 16.0.29905.134
MinimumVisualStudioVersion = 10.0.40219.1
Project("{FAE04EC0-301F-11D3-BF4B-00C04F79EFBC}") = "CSharpBasic", "CSharpBasic.csproj", "{5904FA70-577B-43F0-9414-06E8BBE061BA}"
EndProject
Global
	GlobalSection(SolutionConfigurationPlatforms) = preSolution
		Debug|Any CPU = Debug|Any CPU
		Release|Any CPU = Release|Any CPU
	EndGlobalSection
	GlobalSection(ProjectConfigurationPlatforms) = postSolution
		{5904FA70-577B-43F0-9414-06E8BBE061BA}.Debug|Any CPU.ActiveCfg = Debug|Any CPU
		{5904FA70-577B-43F0-9414-06E8BBE061BA}.Debug|Any CPU.Build.0 = Debug|Any CPU
		{5904FA70-577B-43F0-9414-06E8BBE061BA}.Release|Any CPU.ActiveCfg = Release|Any CPU
		{5904FA70-577B-43F0-9414-06E8BBE061BA}.Release|Any CPU.Build.0 = Release|Any CPU
	EndGlobalSection
	GlobalSection(SolutionProperties) = preSolution
		HideSolutionNode = FALSE
	EndGlobalSection
	GlobalSection(ExtensibilityGlobals) = postSolution
		SolutionGuid = {52F51DA1-77F4-423E-A72D-63C4B252C4FB}
	EndGlobalSection
EndGlobal
