
Microsoft Visual Studio Solution File, Format Version 12.00
# Visual Studio Version 17
VisualStudioVersion = 17.0.32014.148
MinimumVisualStudioVersion = 10.0.40219.1
Project("{2150E333-8FDC-42A3-9474-1A3956D46DE8}") = "Solution Items", "Solution Items", "{DEDEA68B-9432-40E9-BB9E-84013AD677E0}"
	ProjectSection(SolutionItems) = preProject
		.editorconfig = .editorconfig
		.gitignore = .gitignore
		CODE_OF_CONDUCT.md = CODE_OF_CONDUCT.md
		.github\workflows\docs.yaml = .github\workflows\docs.yaml
		GeoPol.xml = GeoPol.xml
		LICENSE = LICENSE
		README.md = README.md
		.github\workflows\ReleasePublish.yaml = .github\workflows\ReleasePublish.yaml
		SECURITY.md = SECURITY.md
		THIRDPARTYNOTICES.md = THIRDPARTYNOTICES.md
	EndProjectSection
EndProject
Project("{9A19103F-16F7-4668-BE54-9A1E7A4F7556}") = "Microsoft.Health.Fhir.CodeGenCommon", "src\Microsoft.Health.Fhir.CodeGenCommon\Microsoft.Health.Fhir.CodeGenCommon.csproj", "{45D0F776-8D6E-4C1A-BB14-DDFAA3301EC7}"
EndProject
Project("{9A19103F-16F7-4668-BE54-9A1E7A4F7556}") = "fhir-codegen", "src\fhir-codegen\fhir-codegen.csproj", "{CC4D5356-BD06-48A8-B329-7C372201549A}"
EndProject
Project("{9A19103F-16F7-4668-BE54-9A1E7A4F7556}") = "Microsoft.Health.Fhir.CodeGen", "src\Microsoft.Health.Fhir.CodeGen\Microsoft.Health.Fhir.CodeGen.csproj", "{83E732A6-79D1-4A39-AC0C-29A3B45AD176}"
EndProject
Project("{9A19103F-16F7-4668-BE54-9A1E7A4F7556}") = "Microsoft.Health.Fhir.CodeGen.Tests", "src\Microsoft.Health.Fhir.CodeGen.Tests\Microsoft.Health.Fhir.CodeGen.Tests.csproj", "{BE10F292-4A7F-46A0-B4C9-D64003153DDE}"
EndProject
Project("{9A19103F-16F7-4668-BE54-9A1E7A4F7556}") = "performance-test-cli", "src\performance-test-cli\performance-test-cli.csproj", "{E2173A90-0BCA-427F-9A6C-E767889A4E9E}"
EndProject
Project("{9A19103F-16F7-4668-BE54-9A1E7A4F7556}") = "Microsoft.Health.Fhir.MappingLanguage", "src\Microsoft.Health.Fhir.MappingLanguage\Microsoft.Health.Fhir.MappingLanguage.csproj", "{6BF42D89-F37F-4BDF-B180-B65F18734F86}"
EndProject
Project("{9A19103F-16F7-4668-BE54-9A1E7A4F7556}") = "Microsoft.Health.Fhir.MappingLanguage.Tests", "src\Microsoft.Health.Fhir.MappingLanguage.Tests\Microsoft.Health.Fhir.MappingLanguage.Tests.csproj", "{3408FD47-4413-4DD5-B4AC-65D4846E4002}"
EndProject
Project("{9A19103F-16F7-4668-BE54-9A1E7A4F7556}") = "Microsoft.Health.Fhir.CrossVersion", "src\Microsoft.Health.Fhir.CrossVersion\Microsoft.Health.Fhir.CrossVersion.csproj", "{8327D398-57D6-4C42-978B-E1C416AC6601}"
EndProject
Global
	GlobalSection(SolutionConfigurationPlatforms) = preSolution
		Debug|Any CPU = Debug|Any CPU
		Release|Any CPU = Release|Any CPU
	EndGlobalSection
	GlobalSection(ProjectConfigurationPlatforms) = postSolution
		{45D0F776-8D6E-4C1A-BB14-DDFAA3301EC7}.Debug|Any CPU.ActiveCfg = Debug|Any CPU
		{45D0F776-8D6E-4C1A-BB14-DDFAA3301EC7}.Debug|Any CPU.Build.0 = Debug|Any CPU
		{45D0F776-8D6E-4C1A-BB14-DDFAA3301EC7}.Release|Any CPU.ActiveCfg = Release|Any CPU
		{45D0F776-8D6E-4C1A-BB14-DDFAA3301EC7}.Release|Any CPU.Build.0 = Release|Any CPU
		{CC4D5356-BD06-48A8-B329-7C372201549A}.Debug|Any CPU.ActiveCfg = Debug|Any CPU
		{CC4D5356-BD06-48A8-B329-7C372201549A}.Debug|Any CPU.Build.0 = Debug|Any CPU
		{CC4D5356-BD06-48A8-B329-7C372201549A}.Release|Any CPU.ActiveCfg = Release|Any CPU
		{CC4D5356-BD06-48A8-B329-7C372201549A}.Release|Any CPU.Build.0 = Release|Any CPU
		{83E732A6-79D1-4A39-AC0C-29A3B45AD176}.Debug|Any CPU.ActiveCfg = Debug|Any CPU
		{83E732A6-79D1-4A39-AC0C-29A3B45AD176}.Debug|Any CPU.Build.0 = Debug|Any CPU
		{83E732A6-79D1-4A39-AC0C-29A3B45AD176}.Release|Any CPU.ActiveCfg = Release|Any CPU
		{83E732A6-79D1-4A39-AC0C-29A3B45AD176}.Release|Any CPU.Build.0 = Release|Any CPU
		{BE10F292-4A7F-46A0-B4C9-D64003153DDE}.Debug|Any CPU.ActiveCfg = Debug|Any CPU
		{BE10F292-4A7F-46A0-B4C9-D64003153DDE}.Debug|Any CPU.Build.0 = Debug|Any CPU
		{BE10F292-4A7F-46A0-B4C9-D64003153DDE}.Release|Any CPU.ActiveCfg = Release|Any CPU
		{BE10F292-4A7F-46A0-B4C9-D64003153DDE}.Release|Any CPU.Build.0 = Release|Any CPU
		{E2173A90-0BCA-427F-9A6C-E767889A4E9E}.Debug|Any CPU.ActiveCfg = Debug|Any CPU
		{E2173A90-0BCA-427F-9A6C-E767889A4E9E}.Debug|Any CPU.Build.0 = Debug|Any CPU
		{E2173A90-0BCA-427F-9A6C-E767889A4E9E}.Release|Any CPU.ActiveCfg = Release|Any CPU
		{E2173A90-0BCA-427F-9A6C-E767889A4E9E}.Release|Any CPU.Build.0 = Release|Any CPU
		{6BF42D89-F37F-4BDF-B180-B65F18734F86}.Debug|Any CPU.ActiveCfg = Debug|Any CPU
		{6BF42D89-F37F-4BDF-B180-B65F18734F86}.Debug|Any CPU.Build.0 = Debug|Any CPU
		{6BF42D89-F37F-4BDF-B180-B65F18734F86}.Release|Any CPU.ActiveCfg = Release|Any CPU
		{6BF42D89-F37F-4BDF-B180-B65F18734F86}.Release|Any CPU.Build.0 = Release|Any CPU
		{3408FD47-4413-4DD5-B4AC-65D4846E4002}.Debug|Any CPU.ActiveCfg = Debug|Any CPU
		{3408FD47-4413-4DD5-B4AC-65D4846E4002}.Debug|Any CPU.Build.0 = Debug|Any CPU
		{3408FD47-4413-4DD5-B4AC-65D4846E4002}.Release|Any CPU.ActiveCfg = Release|Any CPU
		{3408FD47-4413-4DD5-B4AC-65D4846E4002}.Release|Any CPU.Build.0 = Release|Any CPU
		{8327D398-57D6-4C42-978B-E1C416AC6601}.Debug|Any CPU.ActiveCfg = Debug|Any CPU
		{8327D398-57D6-4C42-978B-E1C416AC6601}.Debug|Any CPU.Build.0 = Debug|Any CPU
		{8327D398-57D6-4C42-978B-E1C416AC6601}.Release|Any CPU.ActiveCfg = Release|Any CPU
		{8327D398-57D6-4C42-978B-E1C416AC6601}.Release|Any CPU.Build.0 = Release|Any CPU
	EndGlobalSection
	GlobalSection(SolutionProperties) = preSolution
		HideSolutionNode = FALSE
	EndGlobalSection
	GlobalSection(ExtensibilityGlobals) = postSolution
		SolutionGuid = {17802D6E-34A0-472E-9041-76E54F463711}
	EndGlobalSection
EndGlobal
