
Microsoft Visual Studio Solution File, Format Version 12.00
# Visual Studio Version 17
VisualStudioVersion = 17.0.32014.148
MinimumVisualStudioVersion = 10.0.40219.1
Project("{2150E333-8FDC-42A3-9474-1A3956D46DE8}") = "Solution Items", "Solution Items", "{DEDEA68B-9432-40E9-BB9E-84013AD677E0}"
	ProjectSection(SolutionItems) = preProject
		.editorconfig = .editorconfig
		.gitignore = .gitignore
		CLAUDE.md = CLAUDE.md
		CODE_OF_CONDUCT.md = CODE_OF_CONDUCT.md
		.github\workflows\docs.yaml = .github\workflows\docs.yaml
		fhir-codegen.props = fhir-codegen.props
		GeoPol.xml = GeoPol.xml
		LICENSE = LICENSE
		README.md = README.md
		SECURITY.md = SECURITY.md
		testenvironments.json = testenvironments.json
		THIRDPARTYNOTICES.md = THIRDPARTYNOTICES.md
	EndProjectSection
EndProject
Project("{9A19103F-16F7-4668-BE54-9A1E7A4F7556}") = "Fhir.CodeGen.Common", "src\Fhir.CodeGen.Common\Fhir.CodeGen.Common.csproj", "{45D0F776-8D6E-4C1A-BB14-DDFAA3301EC7}"
EndProject
Project("{9A19103F-16F7-4668-BE54-9A1E7A4F7556}") = "fhir-codegen", "src\fhir-codegen\fhir-codegen.csproj", "{CC4D5356-BD06-48A8-B329-7C372201549A}"
EndProject
Project("{9A19103F-16F7-4668-BE54-9A1E7A4F7556}") = "Fhir.CodeGen.Lib", "src\Fhir.CodeGen.Lib\Fhir.CodeGen.Lib.csproj", "{83E732A6-79D1-4A39-AC0C-29A3B45AD176}"
EndProject
Project("{9A19103F-16F7-4668-BE54-9A1E7A4F7556}") = "Fhir.CodeGen.Lib.Tests", "src\Fhir.CodeGen.Lib.Tests\Fhir.CodeGen.Lib.Tests.csproj", "{BE10F292-4A7F-46A0-B4C9-D64003153DDE}"
EndProject
Project("{9A19103F-16F7-4668-BE54-9A1E7A4F7556}") = "performance-test-cli", "src\performance-test-cli\performance-test-cli.csproj", "{E2173A90-0BCA-427F-9A6C-E767889A4E9E}"
EndProject
Project("{9A19103F-16F7-4668-BE54-9A1E7A4F7556}") = "Fhir.CodeGen.MappingLanguage", "src\Fhir.CodeGen.MappingLanguage\Fhir.CodeGen.MappingLanguage.csproj", "{6BF42D89-F37F-4BDF-B180-B65F18734F86}"
EndProject
Project("{9A19103F-16F7-4668-BE54-9A1E7A4F7556}") = "Fhir.CodeGen.MappingLanguage.Tests", "src\Fhir.CodeGen.MappingLanguage.Tests\Fhir.CodeGen.MappingLanguage.Tests.csproj", "{3408FD47-4413-4DD5-B4AC-65D4846E4002}"
EndProject
Project("{9A19103F-16F7-4668-BE54-9A1E7A4F7556}") = "Fhir.CodeGen.CrossVersionLoader", "src\Fhir.CodeGen.CrossVersionLoader\Fhir.CodeGen.CrossVersionLoader.csproj", "{8327D398-57D6-4C42-978B-E1C416AC6601}"
EndProject
Project("{2150E333-8FDC-42A3-9474-1A3956D46DE8}") = ".github", ".github", "{2D24D8E9-FC38-4956-8052-70C76500938F}"
EndProject
Project("{2150E333-8FDC-42A3-9474-1A3956D46DE8}") = "workflows", "workflows", "{AE7FEF4B-C8D8-4EC1-9297-D5E43D2BC131}"
	ProjectSection(SolutionItems) = preProject
		.github\workflows\build-and-test.yml = .github\workflows\build-and-test.yml
		.github\workflows\docs.yaml = .github\workflows\docs.yaml
		.github\workflows\ReleasePublish.yaml = .github\workflows\ReleasePublish.yaml
	EndProjectSection
EndProject
Project("{D954291E-2A0B-460D-934E-DC6B0785DB48}") = "fhir-codegen-shared", "src\fhir-codegen-shared\fhir-codegen-shared.shproj", "{63A0038D-41D5-4642-813D-74A31E63623B}"
EndProject
Project("{FAE04EC0-301F-11D3-BF4B-00C04F79EFBC}") = "Fhir.CodeGen.Comparison", "src\Fhir.CodeGen.Comparison\Fhir.CodeGen.Comparison.csproj", "{2E64B1FE-DE11-416F-9996-E8DD730C8AFA}"
EndProject
Project("{FAE04EC0-301F-11D3-BF4B-00C04F79EFBC}") = "Fhir.CodeGen.SQLiteGenerator", "src\Fhir.CodeGen.SQLiteGenerator\Fhir.CodeGen.SQLiteGenerator.csproj", "{C448739F-ADB8-42A2-B678-9C0CF7AEEE8C}"
EndProject
Project("{FAE04EC0-301F-11D3-BF4B-00C04F79EFBC}") = "xver_editor", "src\xver_editor\xver_editor.csproj", "{D2F4E9BA-1F1A-49B8-BADB-14EF52737A49}"
EndProject
Project("{2150E333-8FDC-42A3-9474-1A3956D46DE8}") = "docs", "docs", "{02EA681E-C7D8-13C7-8484-4AC65E1B71E8}"
	ProjectSection(SolutionItems) = preProject
		docs\sanitization.md = docs\sanitization.md
		docs\xver.md = docs\xver.md
	EndProjectSection
EndProject
Project("{2150E333-8FDC-42A3-9474-1A3956D46DE8}") = ".claude", ".claude", "{6601332F-A738-4E4E-9ACC-D6A52E4FF6FA}"
	ProjectSection(SolutionItems) = preProject
		.claude\settings.local.json = .claude\settings.local.json
	EndProjectSection
EndProject
Project("{2150E333-8FDC-42A3-9474-1A3956D46DE8}") = "commands", "commands", "{815EA4C1-B432-44E1-83B6-9CE9FBE41D27}"
	ProjectSection(SolutionItems) = preProject
		.claude\commands\spec-generate.md = .claude\commands\spec-generate.md
	EndProjectSection
EndProject
Project("{FAE04EC0-301F-11D3-BF4B-00C04F79EFBC}") = "Fhir.CodeGen.LangSQLite", "src\Fhir.CodeGen.LangSQLite\Fhir.CodeGen.LangSQLite.csproj", "{9E7D3F81-3930-4663-8770-32BAE4EB3828}"
EndProject
Project("{FAE04EC0-301F-11D3-BF4B-00C04F79EFBC}") = "Fhir.CodeGen.Packages", "src\Fhir.CodeGen.Packages\Fhir.CodeGen.Packages.csproj", "{2BD398B7-C441-46DC-BD57-DEC173889479}"
EndProject
Project("{FAE04EC0-301F-11D3-BF4B-00C04F79EFBC}") = "Fhir.CodeGen.Packages.Tests", "src\Fhir.CodeGen.Packages.Tests\Fhir.CodeGen.Packages.Tests.csproj", "{ADE90431-3242-4A51-BC2D-2431CA2A6DCA}"
EndProject
Global
	GlobalSection(SolutionConfigurationPlatforms) = preSolution
		Debug|Any CPU = Debug|Any CPU
		Release|Any CPU = Release|Any CPU
	EndGlobalSection
	GlobalSection(ProjectConfigurationPlatforms) = postSolution
		{45D0F776-8D6E-4C1A-BB14-DDFAA3301EC7}.Debug|Any CPU.ActiveCfg = Debug|Any CPU
		{45D0F776-8D6E-4C1A-BB14-DDFAA3301EC7}.Debug|Any CPU.Build.0 = Debug|Any CPU
		{45D0F776-8D6E-4C1A-BB14-DDFAA3301EC7}.Release|Any CPU.ActiveCfg = Release|Any CPU
		{45D0F776-8D6E-4C1A-BB14-DDFAA3301EC7}.Release|Any CPU.Build.0 = Release|Any CPU
		{CC4D5356-BD06-48A8-B329-7C372201549A}.Debug|Any CPU.ActiveCfg = Debug|Any CPU
		{CC4D5356-BD06-48A8-B329-7C372201549A}.Debug|Any CPU.Build.0 = Debug|Any CPU
		{CC4D5356-BD06-48A8-B329-7C372201549A}.Release|Any CPU.ActiveCfg = Release|Any CPU
		{CC4D5356-BD06-48A8-B329-7C372201549A}.Release|Any CPU.Build.0 = Release|Any CPU
		{83E732A6-79D1-4A39-AC0C-29A3B45AD176}.Debug|Any CPU.ActiveCfg = Debug|Any CPU
		{83E732A6-79D1-4A39-AC0C-29A3B45AD176}.Debug|Any CPU.Build.0 = Debug|Any CPU
		{83E732A6-79D1-4A39-AC0C-29A3B45AD176}.Release|Any CPU.ActiveCfg = Release|Any CPU
		{83E732A6-79D1-4A39-AC0C-29A3B45AD176}.Release|Any CPU.Build.0 = Release|Any CPU
		{BE10F292-4A7F-46A0-B4C9-D64003153DDE}.Debug|Any CPU.ActiveCfg = Debug|Any CPU
		{BE10F292-4A7F-46A0-B4C9-D64003153DDE}.Debug|Any CPU.Build.0 = Debug|Any CPU
		{BE10F292-4A7F-46A0-B4C9-D64003153DDE}.Release|Any CPU.ActiveCfg = Release|Any CPU
		{BE10F292-4A7F-46A0-B4C9-D64003153DDE}.Release|Any CPU.Build.0 = Release|Any CPU
		{E2173A90-0BCA-427F-9A6C-E767889A4E9E}.Debug|Any CPU.ActiveCfg = Debug|Any CPU
		{E2173A90-0BCA-427F-9A6C-E767889A4E9E}.Debug|Any CPU.Build.0 = Debug|Any CPU
		{E2173A90-0BCA-427F-9A6C-E767889A4E9E}.Release|Any CPU.ActiveCfg = Release|Any CPU
		{E2173A90-0BCA-427F-9A6C-E767889A4E9E}.Release|Any CPU.Build.0 = Release|Any CPU
		{6BF42D89-F37F-4BDF-B180-B65F18734F86}.Debug|Any CPU.ActiveCfg = Debug|Any CPU
		{6BF42D89-F37F-4BDF-B180-B65F18734F86}.Debug|Any CPU.Build.0 = Debug|Any CPU
		{6BF42D89-F37F-4BDF-B180-B65F18734F86}.Release|Any CPU.ActiveCfg = Release|Any CPU
		{6BF42D89-F37F-4BDF-B180-B65F18734F86}.Release|Any CPU.Build.0 = Release|Any CPU
		{3408FD47-4413-4DD5-B4AC-65D4846E4002}.Debug|Any CPU.ActiveCfg = Debug|Any CPU
		{3408FD47-4413-4DD5-B4AC-65D4846E4002}.Debug|Any CPU.Build.0 = Debug|Any CPU
		{3408FD47-4413-4DD5-B4AC-65D4846E4002}.Release|Any CPU.ActiveCfg = Release|Any CPU
		{3408FD47-4413-4DD5-B4AC-65D4846E4002}.Release|Any CPU.Build.0 = Release|Any CPU
		{8327D398-57D6-4C42-978B-E1C416AC6601}.Debug|Any CPU.ActiveCfg = Debug|Any CPU
		{8327D398-57D6-4C42-978B-E1C416AC6601}.Debug|Any CPU.Build.0 = Debug|Any CPU
		{8327D398-57D6-4C42-978B-E1C416AC6601}.Release|Any CPU.ActiveCfg = Release|Any CPU
		{8327D398-57D6-4C42-978B-E1C416AC6601}.Release|Any CPU.Build.0 = Release|Any CPU
		{2E64B1FE-DE11-416F-9996-E8DD730C8AFA}.Debug|Any CPU.ActiveCfg = Debug|Any CPU
		{2E64B1FE-DE11-416F-9996-E8DD730C8AFA}.Debug|Any CPU.Build.0 = Debug|Any CPU
		{2E64B1FE-DE11-416F-9996-E8DD730C8AFA}.Release|Any CPU.ActiveCfg = Release|Any CPU
		{2E64B1FE-DE11-416F-9996-E8DD730C8AFA}.Release|Any CPU.Build.0 = Release|Any CPU
		{C448739F-ADB8-42A2-B678-9C0CF7AEEE8C}.Debug|Any CPU.ActiveCfg = Debug|Any CPU
		{C448739F-ADB8-42A2-B678-9C0CF7AEEE8C}.Debug|Any CPU.Build.0 = Debug|Any CPU
		{C448739F-ADB8-42A2-B678-9C0CF7AEEE8C}.Release|Any CPU.ActiveCfg = Release|Any CPU
		{C448739F-ADB8-42A2-B678-9C0CF7AEEE8C}.Release|Any CPU.Build.0 = Release|Any CPU
		{D2F4E9BA-1F1A-49B8-BADB-14EF52737A49}.Debug|Any CPU.ActiveCfg = Debug|Any CPU
		{D2F4E9BA-1F1A-49B8-BADB-14EF52737A49}.Debug|Any CPU.Build.0 = Debug|Any CPU
		{D2F4E9BA-1F1A-49B8-BADB-14EF52737A49}.Release|Any CPU.ActiveCfg = Release|Any CPU
		{D2F4E9BA-1F1A-49B8-BADB-14EF52737A49}.Release|Any CPU.Build.0 = Release|Any CPU
		{9E7D3F81-3930-4663-8770-32BAE4EB3828}.Debug|Any CPU.ActiveCfg = Debug|Any CPU
		{9E7D3F81-3930-4663-8770-32BAE4EB3828}.Debug|Any CPU.Build.0 = Debug|Any CPU
		{9E7D3F81-3930-4663-8770-32BAE4EB3828}.Release|Any CPU.ActiveCfg = Release|Any CPU
		{9E7D3F81-3930-4663-8770-32BAE4EB3828}.Release|Any CPU.Build.0 = Release|Any CPU
		{2BD398B7-C441-46DC-BD57-DEC173889479}.Debug|Any CPU.ActiveCfg = Debug|Any CPU
		{2BD398B7-C441-46DC-BD57-DEC173889479}.Debug|Any CPU.Build.0 = Debug|Any CPU
		{2BD398B7-C441-46DC-BD57-DEC173889479}.Release|Any CPU.ActiveCfg = Release|Any CPU
		{2BD398B7-C441-46DC-BD57-DEC173889479}.Release|Any CPU.Build.0 = Release|Any CPU
		{ADE90431-3242-4A51-BC2D-2431CA2A6DCA}.Debug|Any CPU.ActiveCfg = Debug|Any CPU
		{ADE90431-3242-4A51-BC2D-2431CA2A6DCA}.Debug|Any CPU.Build.0 = Debug|Any CPU
		{ADE90431-3242-4A51-BC2D-2431CA2A6DCA}.Release|Any CPU.ActiveCfg = Release|Any CPU
		{ADE90431-3242-4A51-BC2D-2431CA2A6DCA}.Release|Any CPU.Build.0 = Release|Any CPU
	EndGlobalSection
	GlobalSection(SolutionProperties) = preSolution
		HideSolutionNode = FALSE
	EndGlobalSection
	GlobalSection(NestedProjects) = preSolution
		{2D24D8E9-FC38-4956-8052-70C76500938F} = {DEDEA68B-9432-40E9-BB9E-84013AD677E0}
		{AE7FEF4B-C8D8-4EC1-9297-D5E43D2BC131} = {2D24D8E9-FC38-4956-8052-70C76500938F}
		{02EA681E-C7D8-13C7-8484-4AC65E1B71E8} = {DEDEA68B-9432-40E9-BB9E-84013AD677E0}
		{6601332F-A738-4E4E-9ACC-D6A52E4FF6FA} = {DEDEA68B-9432-40E9-BB9E-84013AD677E0}
		{815EA4C1-B432-44E1-83B6-9CE9FBE41D27} = {6601332F-A738-4E4E-9ACC-D6A52E4FF6FA}
	EndGlobalSection
	GlobalSection(ExtensibilityGlobals) = postSolution
		SolutionGuid = {17802D6E-34A0-472E-9041-76E54F463711}
	EndGlobalSection
	GlobalSection(SharedMSBuildProjectFiles) = preSolution
		src\fhir-codegen-shared\fhir-codegen-shared.projitems*{63a0038d-41d5-4642-813d-74a31e63623b}*SharedItemsImports = 13
		src\fhir-codegen-shared\fhir-codegen-shared.projitems*{cc4d5356-bd06-48a8-b329-7c372201549a}*SharedItemsImports = 5
		src\fhir-codegen-shared\fhir-codegen-shared.projitems*{d2f4e9ba-1f1a-49b8-badb-14ef52737a49}*SharedItemsImports = 5
	EndGlobalSection
EndGlobal
