
Microsoft Visual Studio Solution File, Format Version 12.00
# Visual Studio Version 16
VisualStudioVersion = 16.0.31205.134
MinimumVisualStudioVersion = 10.0.40219.1
Project("{FAE04EC0-301F-11D3-BF4B-00C04F79EFBC}") = "RoundtripCli", "RoundtripCli\RoundtripCli.csproj", "{CBCD2599-C851-467F-8350-6BCF0B9A35D4}"
EndProject
Global
	GlobalSection(SolutionConfigurationPlatforms) = preSolution
		Debug|Any CPU = Debug|Any CPU
		Release|Any CPU = Release|Any CPU
	EndGlobalSection
	GlobalSection(ProjectConfigurationPlatforms) = postSolution
		{CBCD2599-C851-467F-8350-6BCF0B9A35D4}.Debug|Any CPU.ActiveCfg = Debug|Any CPU
		{CBCD2599-C851-467F-8350-6BCF0B9A35D4}.Debug|Any CPU.Build.0 = Debug|Any CPU
		{CBCD2599-C851-467F-8350-6BCF0B9A35D4}.Release|Any CPU.ActiveCfg = Release|Any CPU
		{CBCD2599-C851-467F-8350-6BCF0B9A35D4}.Release|Any CPU.Build.0 = Release|Any CPU
	EndGlobalSection
	GlobalSection(SolutionProperties) = preSolution
		HideSolutionNode = FALSE
	EndGlobalSection
	GlobalSection(ExtensibilityGlobals) = postSolution
		SolutionGuid = {3EB281F3-CD02-4AA8-B128-CA2A332612B4}
	EndGlobalSection
EndGlobal
