
Microsoft Visual Studio Solution File, Format Version 12.00
# Visual Studio Version 17
VisualStudioVersion = 17.5.002.0
MinimumVisualStudioVersion = 10.0.40219.1
Project("{9A19103F-16F7-4668-BE54-9A1E7A4F7556}") = "fhir-codegen", "fhir-codegen\fhir-codegen.csproj", "{C48C876F-E965-4646-A739-C7B444F22E19}"
EndProject
Project("{9A19103F-16F7-4668-BE54-9A1E7A4F7556}") = "Microsoft.Health.Fhir.CodeGen", "Microsoft.Health.Fhir.CodeGen\Microsoft.Health.Fhir.CodeGen.csproj", "{7E8E2FBD-2440-49BB-BF4D-79D7983F1B1E}"
EndProject
Project("{9A19103F-16F7-4668-BE54-9A1E7A4F7556}") = "Microsoft.Health.Fhir.CodeGen.Tests", "Microsoft.Health.Fhir.CodeGen.Tests\Microsoft.Health.Fhir.CodeGen.Tests.csproj", "{3ED35F06-2E27-44A6-BEE6-DDCD8EF6EDC2}"
EndProject
Project("{9A19103F-16F7-4668-BE54-9A1E7A4F7556}") = "Microsoft.Health.Fhir.CodeGenCommon", "Microsoft.Health.Fhir.CodeGenCommon\Microsoft.Health.Fhir.CodeGenCommon.csproj", "{7F3E849B-DD47-4737-B38E-283C6F34BF64}"
EndProject
Project("{9A19103F-16F7-4668-BE54-9A1E7A4F7556}") = "Microsoft.Health.Fhir.CrossVersion", "Microsoft.Health.Fhir.CrossVersion\Microsoft.Health.Fhir.CrossVersion.csproj", "{864E9416-EC83-4C77-8574-9D160BE82DFF}"
EndProject
Project("{9A19103F-16F7-4668-BE54-9A1E7A4F7556}") = "Microsoft.Health.Fhir.MappingLanguage", "Microsoft.Health.Fhir.MappingLanguage\Microsoft.Health.Fhir.MappingLanguage.csproj", "{96248D15-47CB-44A0-B9ED-F2863338C3B1}"
EndProject
Project("{9A19103F-16F7-4668-BE54-9A1E7A4F7556}") = "Microsoft.Health.Fhir.MappingLanguage.Tests", "Microsoft.Health.Fhir.MappingLanguage.Tests\Microsoft.Health.Fhir.MappingLanguage.Tests.csproj", "{2B4303BF-A23A-4AC2-95AD-10925D5473F3}"
EndProject
Project("{9A19103F-16F7-4668-BE54-9A1E7A4F7556}") = "Microsoft.Health.Fhir.PackageCacheManager", "Microsoft.Health.Fhir.PackageCacheManager\Microsoft.Health.Fhir.PackageCacheManager.csproj", "{EEBA7B88-D6EE-4732-8757-C522510BD6F5}"
EndProject
Project("{9A19103F-16F7-4668-BE54-9A1E7A4F7556}") = "Microsoft.Health.Fhir.PackageManager", "Microsoft.Health.Fhir.PackageManager\Microsoft.Health.Fhir.PackageManager.csproj", "{6245786C-2387-4320-A4C3-47536AA02AE1}"
EndProject
Project("{9A19103F-16F7-4668-BE54-9A1E7A4F7556}") = "Microsoft.Health.Fhir.PackageManager.Tests", "Microsoft.Health.Fhir.PackageManager.Tests\Microsoft.Health.Fhir.PackageManager.Tests.csproj", "{66909A23-0BE0-4479-8839-2E31C77CE23C}"
EndProject
Project("{9A19103F-16F7-4668-BE54-9A1E7A4F7556}") = "performance-test-cli", "performance-test-cli\performance-test-cli.csproj", "{927AE4C5-C8BB-4CC9-9768-6C13F91908D8}"
EndProject
Global
	GlobalSection(SolutionConfigurationPlatforms) = preSolution
		Debug|Any CPU = Debug|Any CPU
		Release|Any CPU = Release|Any CPU
	EndGlobalSection
	GlobalSection(ProjectConfigurationPlatforms) = postSolution
		{C48C876F-E965-4646-A739-C7B444F22E19}.Debug|Any CPU.ActiveCfg = Debug|Any CPU
		{C48C876F-E965-4646-A739-C7B444F22E19}.Debug|Any CPU.Build.0 = Debug|Any CPU
		{C48C876F-E965-4646-A739-C7B444F22E19}.Release|Any CPU.ActiveCfg = Release|Any CPU
		{C48C876F-E965-4646-A739-C7B444F22E19}.Release|Any CPU.Build.0 = Release|Any CPU
		{7E8E2FBD-2440-49BB-BF4D-79D7983F1B1E}.Debug|Any CPU.ActiveCfg = Debug|Any CPU
		{7E8E2FBD-2440-49BB-BF4D-79D7983F1B1E}.Debug|Any CPU.Build.0 = Debug|Any CPU
		{7E8E2FBD-2440-49BB-BF4D-79D7983F1B1E}.Release|Any CPU.ActiveCfg = Release|Any CPU
		{7E8E2FBD-2440-49BB-BF4D-79D7983F1B1E}.Release|Any CPU.Build.0 = Release|Any CPU
		{3ED35F06-2E27-44A6-BEE6-DDCD8EF6EDC2}.Debug|Any CPU.ActiveCfg = Debug|Any CPU
		{3ED35F06-2E27-44A6-BEE6-DDCD8EF6EDC2}.Debug|Any CPU.Build.0 = Debug|Any CPU
		{3ED35F06-2E27-44A6-BEE6-DDCD8EF6EDC2}.Release|Any CPU.ActiveCfg = Release|Any CPU
		{3ED35F06-2E27-44A6-BEE6-DDCD8EF6EDC2}.Release|Any CPU.Build.0 = Release|Any CPU
		{7F3E849B-DD47-4737-B38E-283C6F34BF64}.Debug|Any CPU.ActiveCfg = Debug|Any CPU
		{7F3E849B-DD47-4737-B38E-283C6F34BF64}.Debug|Any CPU.Build.0 = Debug|Any CPU
		{7F3E849B-DD47-4737-B38E-283C6F34BF64}.Release|Any CPU.ActiveCfg = Release|Any CPU
		{7F3E849B-DD47-4737-B38E-283C6F34BF64}.Release|Any CPU.Build.0 = Release|Any CPU
		{864E9416-EC83-4C77-8574-9D160BE82DFF}.Debug|Any CPU.ActiveCfg = Debug|Any CPU
		{864E9416-EC83-4C77-8574-9D160BE82DFF}.Debug|Any CPU.Build.0 = Debug|Any CPU
		{864E9416-EC83-4C77-8574-9D160BE82DFF}.Release|Any CPU.ActiveCfg = Release|Any CPU
		{864E9416-EC83-4C77-8574-9D160BE82DFF}.Release|Any CPU.Build.0 = Release|Any CPU
		{96248D15-47CB-44A0-B9ED-F2863338C3B1}.Debug|Any CPU.ActiveCfg = Debug|Any CPU
		{96248D15-47CB-44A0-B9ED-F2863338C3B1}.Debug|Any CPU.Build.0 = Debug|Any CPU
		{96248D15-47CB-44A0-B9ED-F2863338C3B1}.Release|Any CPU.ActiveCfg = Release|Any CPU
		{96248D15-47CB-44A0-B9ED-F2863338C3B1}.Release|Any CPU.Build.0 = Release|Any CPU
		{2B4303BF-A23A-4AC2-95AD-10925D5473F3}.Debug|Any CPU.ActiveCfg = Debug|Any CPU
		{2B4303BF-A23A-4AC2-95AD-10925D5473F3}.Debug|Any CPU.Build.0 = Debug|Any CPU
		{2B4303BF-A23A-4AC2-95AD-10925D5473F3}.Release|Any CPU.ActiveCfg = Release|Any CPU
		{2B4303BF-A23A-4AC2-95AD-10925D5473F3}.Release|Any CPU.Build.0 = Release|Any CPU
		{EEBA7B88-D6EE-4732-8757-C522510BD6F5}.Debug|Any CPU.ActiveCfg = Debug|Any CPU
		{EEBA7B88-D6EE-4732-8757-C522510BD6F5}.Debug|Any CPU.Build.0 = Debug|Any CPU
		{EEBA7B88-D6EE-4732-8757-C522510BD6F5}.Release|Any CPU.ActiveCfg = Release|Any CPU
		{EEBA7B88-D6EE-4732-8757-C522510BD6F5}.Release|Any CPU.Build.0 = Release|Any CPU
		{6245786C-2387-4320-A4C3-47536AA02AE1}.Debug|Any CPU.ActiveCfg = Debug|Any CPU
		{6245786C-2387-4320-A4C3-47536AA02AE1}.Debug|Any CPU.Build.0 = Debug|Any CPU
		{6245786C-2387-4320-A4C3-47536AA02AE1}.Release|Any CPU.ActiveCfg = Release|Any CPU
		{6245786C-2387-4320-A4C3-47536AA02AE1}.Release|Any CPU.Build.0 = Release|Any CPU
		{66909A23-0BE0-4479-8839-2E31C77CE23C}.Debug|Any CPU.ActiveCfg = Debug|Any CPU
		{66909A23-0BE0-4479-8839-2E31C77CE23C}.Debug|Any CPU.Build.0 = Debug|Any CPU
		{66909A23-0BE0-4479-8839-2E31C77CE23C}.Release|Any CPU.ActiveCfg = Release|Any CPU
		{66909A23-0BE0-4479-8839-2E31C77CE23C}.Release|Any CPU.Build.0 = Release|Any CPU
		{927AE4C5-C8BB-4CC9-9768-6C13F91908D8}.Debug|Any CPU.ActiveCfg = Debug|Any CPU
		{927AE4C5-C8BB-4CC9-9768-6C13F91908D8}.Debug|Any CPU.Build.0 = Debug|Any CPU
		{927AE4C5-C8BB-4CC9-9768-6C13F91908D8}.Release|Any CPU.ActiveCfg = Release|Any CPU
		{927AE4C5-C8BB-4CC9-9768-6C13F91908D8}.Release|Any CPU.Build.0 = Release|Any CPU
	EndGlobalSection
	GlobalSection(SolutionProperties) = preSolution
		HideSolutionNode = FALSE
	EndGlobalSection
	GlobalSection(ExtensibilityGlobals) = postSolution
		SolutionGuid = {02E23386-25D4-4E4B-9397-27B3416CFAC3}
	EndGlobalSection
EndGlobal
